
Microsoft Visual Studio Solution File, Format Version 12.00
# Visual Studio Version 17
VisualStudioVersion = 17.14.36429.23 d17.14
MinimumVisualStudioVersion = 10.0.40219.1
Project("{FAE04EC0-301F-11D3-BF4B-00C04F79EFBC}") = "Assignment_Day02", "Assignment_Day02\Assignment_Day02.csproj", "{753D1524-682E-4ACA-A26A-4AD018844569}"
EndProject
Global
	GlobalSection(SolutionConfigurationPlatforms) = preSolution
		Debug|Any CPU = Debug|Any CPU
		Release|Any CPU = Release|Any CPU
	EndGlobalSection
	GlobalSection(ProjectConfigurationPlatforms) = postSolution
		{753D1524-682E-4ACA-A26A-4AD018844569}.Debug|Any CPU.ActiveCfg = Debug|Any CPU
		{753D1524-682E-4ACA-A26A-4AD018844569}.Debug|Any CPU.Build.0 = Debug|Any CPU
		{753D1524-682E-4ACA-A26A-4AD018844569}.Release|Any CPU.ActiveCfg = Release|Any CPU
		{753D1524-682E-4ACA-A26A-4AD018844569}.Release|Any CPU.Build.0 = Release|Any CPU
	EndGlobalSection
	GlobalSection(SolutionProperties) = preSolution
		HideSolutionNode = FALSE
	EndGlobalSection
	GlobalSection(ExtensibilityGlobals) = postSolution
		SolutionGuid = {259A462D-AE2A-4C25-B18E-C4AE4660CD92}
	EndGlobalSection
EndGlobal
